
Microsoft Visual Studio Solution File, Format Version 12.00
# Visual Studio Version 17
VisualStudioVersion = 17.9.34622.214
MinimumVisualStudioVersion = 10.0.40219.1
Project("{FAE04EC0-301F-11D3-BF4B-00C04F79EFBC}") = "LaundryManagementSystem", "LaundryManagementSystem\LaundryManagementSystem.csproj", "{BA7197B5-D4E3-4E35-9016-BB13368D810E}"
EndProject
Global
	GlobalSection(SolutionConfigurationPlatforms) = preSolution
		Debug|Any CPU = Debug|Any CPU
		Release|Any CPU = Release|Any CPU
	EndGlobalSection
	GlobalSection(ProjectConfigurationPlatforms) = postSolution
		{BA7197B5-D4E3-4E35-9016-BB13368D810E}.Debug|Any CPU.ActiveCfg = Debug|Any CPU
		{BA7197B5-D4E3-4E35-9016-BB13368D810E}.Debug|Any CPU.Build.0 = Debug|Any CPU
		{BA7197B5-D4E3-4E35-9016-BB13368D810E}.Release|Any CPU.ActiveCfg = Release|Any CPU
		{BA7197B5-D4E3-4E35-9016-BB13368D810E}.Release|Any CPU.Build.0 = Release|Any CPU
	EndGlobalSection
	GlobalSection(SolutionProperties) = preSolution
		HideSolutionNode = FALSE
	EndGlobalSection
	GlobalSection(ExtensibilityGlobals) = postSolution
		SolutionGuid = {5837D188-734D-4ABC-B5EC-AAC562045D38}
	EndGlobalSection
EndGlobal
